// !$*UTF8*$!
{
	archiveVersion = 1;
	classes = {
	};
	objectVersion = 50;
	objects = {

/* Begin PBXBuildFile section */
		EF035AF921FCAF4000D9EEE4 /* AppDelegate.swift in Sources */ = {isa = PBXBuildFile; fileRef = EF035AF821FCAF4000D9EEE4 /* AppDelegate.swift */; };
		EF035AFB21FCAF4000D9EEE4 /* TodoListViewController.swift in Sources */ = {isa = PBXBuildFile; fileRef = EF035AFA21FCAF4000D9EEE4 /* TodoListViewController.swift */; };
		EF035AFE21FCAF4000D9EEE4 /* Main.storyboard in Resources */ = {isa = PBXBuildFile; fileRef = EF035AFC21FCAF4000D9EEE4 /* Main.storyboard */; };
		EF035B0021FCAF4100D9EEE4 /* Assets.xcassets in Resources */ = {isa = PBXBuildFile; fileRef = EF035AFF21FCAF4100D9EEE4 /* Assets.xcassets */; };
		EF035B0321FCAF4100D9EEE4 /* LaunchScreen.storyboard in Resources */ = {isa = PBXBuildFile; fileRef = EF035B0121FCAF4100D9EEE4 /* LaunchScreen.storyboard */; };
		EF035B0E21FCAF4200D9EEE4 /* TodoTests.swift in Sources */ = {isa = PBXBuildFile; fileRef = EF035B0D21FCAF4200D9EEE4 /* TodoTests.swift */; };
		EF9E78AE2212A7B000678C80 /* DataModel.xcdatamodeld in Sources */ = {isa = PBXBuildFile; fileRef = EF9E78AC2212A7B000678C80 /* DataModel.xcdatamodeld */; };
		EF9E78B0221846BD00678C80 /* CategoryViewController.swift in Sources */ = {isa = PBXBuildFile; fileRef = EF9E78AF221846BD00678C80 /* CategoryViewController.swift */; };
/* End PBXBuildFile section */

/* Begin PBXContainerItemProxy section */
		EF035B0A21FCAF4200D9EEE4 /* PBXContainerItemProxy */ = {
			isa = PBXContainerItemProxy;
			containerPortal = EF035AED21FCAF4000D9EEE4 /* Project object */;
			proxyType = 1;
			remoteGlobalIDString = EF035AF421FCAF4000D9EEE4;
			remoteInfo = Todo;
		};
/* End PBXContainerItemProxy section */

/* Begin PBXFileReference section */
		EF035AF521FCAF4000D9EEE4 /* Todo.app */ = {isa = PBXFileReference; explicitFileType = wrapper.application; includeInIndex = 0; path = Todo.app; sourceTree = BUILT_PRODUCTS_DIR; };
		EF035AF821FCAF4000D9EEE4 /* AppDelegate.swift */ = {isa = PBXFileReference; lastKnownFileType = sourcecode.swift; path = AppDelegate.swift; sourceTree = "<group>"; };
		EF035AFA21FCAF4000D9EEE4 /* TodoListViewController.swift */ = {isa = PBXFileReference; lastKnownFileType = sourcecode.swift; path = TodoListViewController.swift; sourceTree = "<group>"; };
		EF035AFD21FCAF4000D9EEE4 /* Base */ = {isa = PBXFileReference; lastKnownFileType = file.storyboard; name = Base; path = Base.lproj/Main.storyboard; sourceTree = "<group>"; };
		EF035AFF21FCAF4100D9EEE4 /* Assets.xcassets */ = {isa = PBXFileReference; lastKnownFileType = folder.assetcatalog; path = Assets.xcassets; sourceTree = "<group>"; };
		EF035B0221FCAF4100D9EEE4 /* Base */ = {isa = PBXFileReference; lastKnownFileType = file.storyboard; name = Base; path = Base.lproj/LaunchScreen.storyboard; sourceTree = "<group>"; };
		EF035B0421FCAF4100D9EEE4 /* Info.plist */ = {isa = PBXFileReference; lastKnownFileType = text.plist.xml; path = Info.plist; sourceTree = "<group>"; };
		EF035B0921FCAF4200D9EEE4 /* TodoTests.xctest */ = {isa = PBXFileReference; explicitFileType = wrapper.cfbundle; includeInIndex = 0; path = TodoTests.xctest; sourceTree = BUILT_PRODUCTS_DIR; };
		EF035B0D21FCAF4200D9EEE4 /* TodoTests.swift */ = {isa = PBXFileReference; lastKnownFileType = sourcecode.swift; path = TodoTests.swift; sourceTree = "<group>"; };
		EF035B0F21FCAF4200D9EEE4 /* Info.plist */ = {isa = PBXFileReference; lastKnownFileType = text.plist.xml; path = Info.plist; sourceTree = "<group>"; };
		EF9E78AD2212A7B000678C80 /* DataModel.xcdatamodel */ = {isa = PBXFileReference; lastKnownFileType = wrapper.xcdatamodel; path = DataModel.xcdatamodel; sourceTree = "<group>"; };
		EF9E78AF221846BD00678C80 /* CategoryViewController.swift */ = {isa = PBXFileReference; lastKnownFileType = sourcecode.swift; path = CategoryViewController.swift; sourceTree = "<group>"; };
/* End PBXFileReference section */

/* Begin PBXFrameworksBuildPhase section */
		EF035AF221FCAF4000D9EEE4 /* Frameworks */ = {
			isa = PBXFrameworksBuildPhase;
			buildActionMask = 2147483647;
			files = (
			);
			runOnlyForDeploymentPostprocessing = 0;
		};
		EF035B0621FCAF4200D9EEE4 /* Frameworks */ = {
			isa = PBXFrameworksBuildPhase;
			buildActionMask = 2147483647;
			files = (
			);
			runOnlyForDeploymentPostprocessing = 0;
		};
/* End PBXFrameworksBuildPhase section */

/* Begin PBXGroup section */
		EF035AEC21FCAF4000D9EEE4 = {
			isa = PBXGroup;
			children = (
				EF035AF721FCAF4000D9EEE4 /* Todo */,
				EF035B0C21FCAF4200D9EEE4 /* TodoTests */,
				EF035AF621FCAF4000D9EEE4 /* Products */,
			);
			sourceTree = "<group>";
		};
		EF035AF621FCAF4000D9EEE4 /* Products */ = {
			isa = PBXGroup;
			children = (
				EF035AF521FCAF4000D9EEE4 /* Todo.app */,
				EF035B0921FCAF4200D9EEE4 /* TodoTests.xctest */,
			);
			name = Products;
			sourceTree = "<group>";
		};
		EF035AF721FCAF4000D9EEE4 /* Todo */ = {
			isa = PBXGroup;
			children = (
				EF035B1C21FE271D00D9EEE4 /* Views */,
				EF035B1B21FE270400D9EEE4 /* Controllers */,
				EF035AF821FCAF4000D9EEE4 /* AppDelegate.swift */,
				EF9E78AC2212A7B000678C80 /* DataModel.xcdatamodeld */,
				EF035B1D21FE274400D9EEE4 /* Supporting Files */,
				EF035B0421FCAF4100D9EEE4 /* Info.plist */,
			);
			path = Todo;
			sourceTree = "<group>";
		};
		EF035B0C21FCAF4200D9EEE4 /* TodoTests */ = {
			isa = PBXGroup;
			children = (
				EF035B0D21FCAF4200D9EEE4 /* TodoTests.swift */,
				EF035B0F21FCAF4200D9EEE4 /* Info.plist */,
			);
			path = TodoTests;
			sourceTree = "<group>";
		};
		EF035B1B21FE270400D9EEE4 /* Controllers */ = {
			isa = PBXGroup;
			children = (
				EF9E78AF221846BD00678C80 /* CategoryViewController.swift */,
				EF035AFA21FCAF4000D9EEE4 /* TodoListViewController.swift */,
			);
			path = Controllers;
			sourceTree = "<group>";
		};
		EF035B1C21FE271D00D9EEE4 /* Views */ = {
			isa = PBXGroup;
			children = (
				EF035AFC21FCAF4000D9EEE4 /* Main.storyboard */,
			);
			path = Views;
			sourceTree = "<group>";
		};
		EF035B1D21FE274400D9EEE4 /* Supporting Files */ = {
			isa = PBXGroup;
			children = (
				EF035B0121FCAF4100D9EEE4 /* LaunchScreen.storyboard */,
				EF035AFF21FCAF4100D9EEE4 /* Assets.xcassets */,
			);
			path = "Supporting Files";
			sourceTree = "<group>";
		};
/* End PBXGroup section */

/* Begin PBXNativeTarget section */
		EF035AF421FCAF4000D9EEE4 /* Todo */ = {
			isa = PBXNativeTarget;
			buildConfigurationList = EF035B1221FCAF4200D9EEE4 /* Build configuration list for PBXNativeTarget "Todo" */;
			buildPhases = (
				EF035AF121FCAF4000D9EEE4 /* Sources */,
				EF035AF221FCAF4000D9EEE4 /* Frameworks */,
				EF035AF321FCAF4000D9EEE4 /* Resources */,
			);
			buildRules = (
			);
			dependencies = (
			);
			name = Todo;
			productName = Todo;
			productReference = EF035AF521FCAF4000D9EEE4 /* Todo.app */;
			productType = "com.apple.product-type.application";
		};
		EF035B0821FCAF4200D9EEE4 /* TodoTests */ = {
			isa = PBXNativeTarget;
			buildConfigurationList = EF035B1521FCAF4200D9EEE4 /* Build configuration list for PBXNativeTarget "TodoTests" */;
			buildPhases = (
				EF035B0521FCAF4200D9EEE4 /* Sources */,
				EF035B0621FCAF4200D9EEE4 /* Frameworks */,
				EF035B0721FCAF4200D9EEE4 /* Resources */,
			);
			buildRules = (
			);
			dependencies = (
				EF035B0B21FCAF4200D9EEE4 /* PBXTargetDependency */,
			);
			name = TodoTests;
			productName = TodoTests;
			productReference = EF035B0921FCAF4200D9EEE4 /* TodoTests.xctest */;
			productType = "com.apple.product-type.bundle.unit-test";
		};
/* End PBXNativeTarget section */

/* Begin PBXProject section */
		EF035AED21FCAF4000D9EEE4 /* Project object */ = {
			isa = PBXProject;
			attributes = {
				LastSwiftUpdateCheck = 1010;
				LastUpgradeCheck = 1010;
				ORGANIZATIONNAME = Apbcptech;
				TargetAttributes = {
					EF035AF421FCAF4000D9EEE4 = {
						CreatedOnToolsVersion = 10.1;
					};
					EF035B0821FCAF4200D9EEE4 = {
						CreatedOnToolsVersion = 10.1;
						TestTargetID = EF035AF421FCAF4000D9EEE4;
					};
				};
			};
			buildConfigurationList = EF035AF021FCAF4000D9EEE4 /* Build configuration list for PBXProject "Todo" */;
			compatibilityVersion = "Xcode 9.3";
			developmentRegion = en;
			hasScannedForEncodings = 0;
			knownRegions = (
				en,
				Base,
			);
			mainGroup = EF035AEC21FCAF4000D9EEE4;
			productRefGroup = EF035AF621FCAF4000D9EEE4 /* Products */;
			projectDirPath = "";
			projectRoot = "";
			targets = (
				EF035AF421FCAF4000D9EEE4 /* Todo */,
				EF035B0821FCAF4200D9EEE4 /* TodoTests */,
			);
		};
/* End PBXProject section */

/* Begin PBXResourcesBuildPhase section */
		EF035AF321FCAF4000D9EEE4 /* Resources */ = {
			isa = PBXResourcesBuildPhase;
			buildActionMask = 2147483647;
			files = (
				EF035B0321FCAF4100D9EEE4 /* LaunchScreen.storyboard in Resources */,
				EF035B0021FCAF4100D9EEE4 /* Assets.xcassets in Resources */,
				EF035AFE21FCAF4000D9EEE4 /* Main.storyboard in Resources */,
			);
			runOnlyForDeploymentPostprocessing = 0;
		};
		EF035B0721FCAF4200D9EEE4 /* Resources */ = {
			isa = PBXResourcesBuildPhase;
			buildActionMask = 2147483647;
			files = (
			);
			runOnlyForDeploymentPostprocessing = 0;
		};
/* End PBXResourcesBuildPhase section */

/* Begin PBXSourcesBuildPhase section */
		EF035AF121FCAF4000D9EEE4 /* Sources */ = {
			isa = PBXSourcesBuildPhase;
			buildActionMask = 2147483647;
			files = (
				EF9E78B0221846BD00678C80 /* CategoryViewController.swift in Sources */,
				EF035AFB21FCAF4000D9EEE4 /* TodoListViewController.swift in Sources */,
				EF9E78AE2212A7B000678C80 /* DataModel.xcdatamodeld in Sources */,
				EF035AF921FCAF4000D9EEE4 /* AppDelegate.swift in Sources */,
			);
			runOnlyForDeploymentPostprocessing = 0;
		};
		EF035B0521FCAF4200D9EEE4 /* Sources */ = {
			isa = PBXSourcesBuildPhase;
			buildActionMask = 2147483647;
			files = (
				EF035B0E21FCAF4200D9EEE4 /* TodoTests.swift in Sources */,
			);
			runOnlyForDeploymentPostprocessing = 0;
		};
/* End PBXSourcesBuildPhase section */

/* Begin PBXTargetDependency section */
		EF035B0B21FCAF4200D9EEE4 /* PBXTargetDependency */ = {
			isa = PBXTargetDependency;
			target = EF035AF421FCAF4000D9EEE4 /* Todo */;
			targetProxy = EF035B0A21FCAF4200D9EEE4 /* PBXContainerItemProxy */;
		};
/* End PBXTargetDependency section */

/* Begin PBXVariantGroup section */
		EF035AFC21FCAF4000D9EEE4 /* Main.storyboard */ = {
			isa = PBXVariantGroup;
			children = (
				EF035AFD21FCAF4000D9EEE4 /* Base */,
			);
			name = Main.storyboard;
			sourceTree = "<group>";
		};
		EF035B0121FCAF4100D9EEE4 /* LaunchScreen.storyboard */ = {
			isa = PBXVariantGroup;
			children = (
				EF035B0221FCAF4100D9EEE4 /* Base */,
			);
			name = LaunchScreen.storyboard;
			sourceTree = "<group>";
		};
/* End PBXVariantGroup section */

/* Begin XCBuildConfiguration section */
		EF035B1021FCAF4200D9EEE4 /* Debug */ = {
			isa = XCBuildConfiguration;
			buildSettings = {
				ALWAYS_SEARCH_USER_PATHS = NO;
				CLANG_ANALYZER_NONNULL = YES;
				CLANG_ANALYZER_NUMBER_OBJECT_CONVERSION = YES_AGGRESSIVE;
				CLANG_CXX_LANGUAGE_STANDARD = "gnu++14";
				CLANG_CXX_LIBRARY = "libc++";
				CLANG_ENABLE_MODULES = YES;
				CLANG_ENABLE_OBJC_ARC = YES;
				CLANG_ENABLE_OBJC_WEAK = YES;
				CLANG_WARN_BLOCK_CAPTURE_AUTORELEASING = YES;
				CLANG_WARN_BOOL_CONVERSION = YES;
				CLANG_WARN_COMMA = YES;
				CLANG_WARN_CONSTANT_CONVERSION = YES;
				CLANG_WARN_DEPRECATED_OBJC_IMPLEMENTATIONS = YES;
				CLANG_WARN_DIRECT_OBJC_ISA_USAGE = YES_ERROR;
				CLANG_WARN_DOCUMENTATION_COMMENTS = YES;
				CLANG_WARN_EMPTY_BODY = YES;
				CLANG_WARN_ENUM_CONVERSION = YES;
				CLANG_WARN_INFINITE_RECURSION = YES;
				CLANG_WARN_INT_CONVERSION = YES;
				CLANG_WARN_NON_LITERAL_NULL_CONVERSION = YES;
				CLANG_WARN_OBJC_IMPLICIT_RETAIN_SELF = YES;
				CLANG_WARN_OBJC_LITERAL_CONVERSION = YES;
				CLANG_WARN_OBJC_ROOT_CLASS = YES_ERROR;
				CLANG_WARN_RANGE_LOOP_ANALYSIS = YES;
				CLANG_WARN_STRICT_PROTOTYPES = YES;
				CLANG_WARN_SUSPICIOUS_MOVE = YES;
				CLANG_WARN_UNGUARDED_AVAILABILITY = YES_AGGRESSIVE;
				CLANG_WARN_UNREACHABLE_CODE = YES;
				CLANG_WARN__DUPLICATE_METHOD_MATCH = YES;
				CODE_SIGN_IDENTITY = "iPhone Developer";
				COPY_PHASE_STRIP = NO;
				DEBUG_INFORMATION_FORMAT = dwarf;
				ENABLE_STRICT_OBJC_MSGSEND = YES;
				ENABLE_TESTABILITY = YES;
				GCC_C_LANGUAGE_STANDARD = gnu11;
				GCC_DYNAMIC_NO_PIC = NO;
				GCC_NO_COMMON_BLOCKS = YES;
				GCC_OPTIMIZATION_LEVEL = 0;
				GCC_PREPROCESSOR_DEFINITIONS = (
					"DEBUG=1",
					"$(inherited)",
				);
				GCC_WARN_64_TO_32_BIT_CONVERSION = YES;
				GCC_WARN_ABOUT_RETURN_TYPE = YES_ERROR;
				GCC_WARN_UNDECLARED_SELECTOR = YES;
				GCC_WARN_UNINITIALIZED_AUTOS = YES_AGGRESSIVE;
				GCC_WARN_UNUSED_FUNCTION = YES;
				GCC_WARN_UNUSED_VARIABLE = YES;
				IPHONEOS_DEPLOYMENT_TARGET = 12.1;
				MTL_ENABLE_DEBUG_INFO = INCLUDE_SOURCE;
				MTL_FAST_MATH = YES;
				ONLY_ACTIVE_ARCH = YES;
				SDKROOT = iphoneos;
				SWIFT_ACTIVE_COMPILATION_CONDITIONS = DEBUG;
				SWIFT_OPTIMIZATION_LEVEL = "-Onone";
			};
			name = Debug;
		};
		EF035B1121FCAF4200D9EEE4 /* Release */ = {
			isa = XCBuildConfiguration;
			buildSettings = {
				ALWAYS_SEARCH_USER_PATHS = NO;
				CLANG_ANALYZER_NONNULL = YES;
				CLANG_ANALYZER_NUMBER_OBJECT_CONVERSION = YES_AGGRESSIVE;
				CLANG_CXX_LANGUAGE_STANDARD = "gnu++14";
				CLANG_CXX_LIBRARY = "libc++";
				CLANG_ENABLE_MODULES = YES;
				CLANG_ENABLE_OBJC_ARC = YES;
				CLANG_ENABLE_OBJC_WEAK = YES;
				CLANG_WARN_BLOCK_CAPTURE_AUTORELEASING = YES;
				CLANG_WARN_BOOL_CONVERSION = YES;
				CLANG_WARN_COMMA = YES;
				CLANG_WARN_CONSTANT_CONVERSION = YES;
				CLANG_WARN_DEPRECATED_OBJC_IMPLEMENTATIONS = YES;
				CLANG_WARN_DIRECT_OBJC_ISA_USAGE = YES_ERROR;
				CLANG_WARN_DOCUMENTATION_COMMENTS = YES;
				CLANG_WARN_EMPTY_BODY = YES;
				CLANG_WARN_ENUM_CONVERSION = YES;
				CLANG_WARN_INFINITE_RECURSION = YES;
				CLANG_WARN_INT_CONVERSION = YES;
				CLANG_WARN_NON_LITERAL_NULL_CONVERSION = YES;
				CLANG_WARN_OBJC_IMPLICIT_RETAIN_SELF = YES;
				CLANG_WARN_OBJC_LITERAL_CONVERSION = YES;
				CLANG_WARN_OBJC_ROOT_CLASS = YES_ERROR;
				CLANG_WARN_RANGE_LOOP_ANALYSIS = YES;
				CLANG_WARN_STRICT_PROTOTYPES = YES;
				CLANG_WARN_SUSPICIOUS_MOVE = YES;
				CLANG_WARN_UNGUARDED_AVAILABILITY = YES_AGGRESSIVE;
				CLANG_WARN_UNREACHABLE_CODE = YES;
				CLANG_WARN__DUPLICATE_METHOD_MATCH = YES;
				CODE_SIGN_IDENTITY = "iPhone Developer";
				COPY_PHASE_STRIP = NO;
				DEBUG_INFORMATION_FORMAT = "dwarf-with-dsym";
				ENABLE_NS_ASSERTIONS = NO;
				ENABLE_STRICT_OBJC_MSGSEND = YES;
				GCC_C_LANGUAGE_STANDARD = gnu11;
				GCC_NO_COMMON_BLOCKS = YES;
				GCC_WARN_64_TO_32_BIT_CONVERSION = YES;
				GCC_WARN_ABOUT_RETURN_TYPE = YES_ERROR;
				GCC_WARN_UNDECLARED_SELECTOR = YES;
				GCC_WARN_UNINITIALIZED_AUTOS = YES_AGGRESSIVE;
				GCC_WARN_UNUSED_FUNCTION = YES;
				GCC_WARN_UNUSED_VARIABLE = YES;
				IPHONEOS_DEPLOYMENT_TARGET = 12.1;
				MTL_ENABLE_DEBUG_INFO = NO;
				MTL_FAST_MATH = YES;
				SDKROOT = iphoneos;
				SWIFT_COMPILATION_MODE = wholemodule;
				SWIFT_OPTIMIZATION_LEVEL = "-O";
				VALIDATE_PRODUCT = YES;
			};
			name = Release;
		};
		EF035B1321FCAF4200D9EEE4 /* Debug */ = {
			isa = XCBuildConfiguration;
			buildSettings = {
				ASSETCATALOG_COMPILER_APPICON_NAME = AppIcon;
				CODE_SIGN_STYLE = Automatic;
				DEVELOPMENT_TEAM = J8Y3PV7CS9;
				INFOPLIST_FILE = Todo/Info.plist;
				LD_RUNPATH_SEARCH_PATHS = (
					"$(inherited)",
					"@executable_path/Frameworks",
				);
				PRODUCT_BUNDLE_IDENTIFIER = abcptech.Todo;
				PRODUCT_NAME = "$(TARGET_NAME)";
				SWIFT_VERSION = 4.2;
				TARGETED_DEVICE_FAMILY = "1,2";
			};
			name = Debug;
		};
		EF035B1421FCAF4200D9EEE4 /* Release */ = {
			isa = XCBuildConfiguration;
			buildSettings = {
				ASSETCATALOG_COMPILER_APPICON_NAME = AppIcon;
				CODE_SIGN_STYLE = Automatic;
				DEVELOPMENT_TEAM = J8Y3PV7CS9;
				INFOPLIST_FILE = Todo/Info.plist;
				LD_RUNPATH_SEARCH_PATHS = (
					"$(inherited)",
					"@executable_path/Frameworks",
				);
				PRODUCT_BUNDLE_IDENTIFIER = abcptech.Todo;
				PRODUCT_NAME = "$(TARGET_NAME)";
				SWIFT_VERSION = 4.2;
				TARGETED_DEVICE_FAMILY = "1,2";
			};
			name = Release;
		};
		EF035B1621FCAF4200D9EEE4 /* Debug */ = {
			isa = XCBuildConfiguration;
			buildSettings = {
				ALWAYS_EMBED_SWIFT_STANDARD_LIBRARIES = YES;
				BUNDLE_LOADER = "$(TEST_HOST)";
				CODE_SIGN_STYLE = Automatic;
				DEVELOPMENT_TEAM = J8Y3PV7CS9;
				INFOPLIST_FILE = TodoTests/Info.plist;
				LD_RUNPATH_SEARCH_PATHS = (
					"$(inherited)",
					"@executable_path/Frameworks",
					"@loader_path/Frameworks",
				);
				PRODUCT_BUNDLE_IDENTIFIER = abcptech.TodoTests;
				PRODUCT_NAME = "$(TARGET_NAME)";
				SWIFT_VERSION = 4.2;
				TARGETED_DEVICE_FAMILY = "1,2";
				TEST_HOST = "$(BUILT_PRODUCTS_DIR)/Todo.app/Todo";
			};
			name = Debug;
		};
		EF035B1721FCAF4200D9EEE4 /* Release */ = {
			isa = XCBuildConfiguration;
			buildSettings = {
				ALWAYS_EMBED_SWIFT_STANDARD_LIBRARIES = YES;
				BUNDLE_LOADER = "$(TEST_HOST)";
				CODE_SIGN_STYLE = Automatic;
				DEVELOPMENT_TEAM = J8Y3PV7CS9;
				INFOPLIST_FILE = TodoTests/Info.plist;
				LD_RUNPATH_SEARCH_PATHS = (
					"$(inherited)",
					"@executable_path/Frameworks",
					"@loader_path/Frameworks",
				);
				PRODUCT_BUNDLE_IDENTIFIER = abcptech.TodoTests;
				PRODUCT_NAME = "$(TARGET_NAME)";
				SWIFT_VERSION = 4.2;
				TARGETED_DEVICE_FAMILY = "1,2";
				TEST_HOST = "$(BUILT_PRODUCTS_DIR)/Todo.app/Todo";
			};
			name = Release;
		};
/* End XCBuildConfiguration section */

/* Begin XCConfigurationList section */
		EF035AF021FCAF4000D9EEE4 /* Build configuration list for PBXProject "Todo" */ = {
			isa = XCConfigurationList;
			buildConfigurations = (
				EF035B1021FCAF4200D9EEE4 /* Debug */,
				EF035B1121FCAF4200D9EEE4 /* Release */,
			);
			defaultConfigurationIsVisible = 0;
			defaultConfigurationName = Release;
		};
		EF035B1221FCAF4200D9EEE4 /* Build configuration list for PBXNativeTarget "Todo" */ = {
			isa = XCConfigurationList;
			buildConfigurations = (
				EF035B1321FCAF4200D9EEE4 /* Debug */,
				EF035B1421FCAF4200D9EEE4 /* Release */,
			);
			defaultConfigurationIsVisible = 0;
			defaultConfigurationName = Release;
		};
		EF035B1521FCAF4200D9EEE4 /* Build configuration list for PBXNativeTarget "TodoTests" */ = {
			isa = XCConfigurationList;
			buildConfigurations = (
				EF035B1621FCAF4200D9EEE4 /* Debug */,
				EF035B1721FCAF4200D9EEE4 /* Release */,
			);
			defaultConfigurationIsVisible = 0;
			defaultConfigurationName = Release;
		};
/* End XCConfigurationList section */

/* Begin XCVersionGroup section */
		EF9E78AC2212A7B000678C80 /* DataModel.xcdatamodeld */ = {
			isa = XCVersionGroup;
			children = (
				EF9E78AD2212A7B000678C80 /* DataModel.xcdatamodel */,
			);
			currentVersion = EF9E78AD2212A7B000678C80 /* DataModel.xcdatamodel */;
			path = DataModel.xcdatamodeld;
			sourceTree = "<group>";
			versionGroupType = wrapper.xcdatamodel;
		};
/* End XCVersionGroup section */
	};
	rootObject = EF035AED21FCAF4000D9EEE4 /* Project object */;
}
